
Microsoft Visual Studio Solution File, Format Version 12.00
# Visual Studio Version 17
VisualStudioVersion = 17.5.002.0
MinimumVisualStudioVersion = 10.0.40219.1
Project("{9A19103F-16F7-4668-BE54-9A1E7A4F7556}") = "ChunkerService", "ChunkerService.csproj", "{610127D2-35CB-4824-82B8-9C01C6272600}"
EndProject
Global
	GlobalSection(SolutionConfigurationPlatforms) = preSolution
		Debug|Any CPU = Debug|Any CPU
		Release|Any CPU = Release|Any CPU
	EndGlobalSection
	GlobalSection(ProjectConfigurationPlatforms) = postSolution
		{610127D2-35CB-4824-82B8-9C01C6272600}.Debug|Any CPU.ActiveCfg = Debug|Any CPU
		{610127D2-35CB-4824-82B8-9C01C6272600}.Debug|Any CPU.Build.0 = Debug|Any CPU
		{610127D2-35CB-4824-82B8-9C01C6272600}.Release|Any CPU.ActiveCfg = Release|Any CPU
		{610127D2-35CB-4824-82B8-9C01C6272600}.Release|Any CPU.Build.0 = Release|Any CPU
	EndGlobalSection
	GlobalSection(SolutionProperties) = preSolution
		HideSolutionNode = FALSE
	EndGlobalSection
	GlobalSection(ExtensibilityGlobals) = postSolution
		SolutionGuid = {B3485B05-1E3F-473A-9987-9E16A369793A}
	EndGlobalSection
EndGlobal
