{
  "version": 1,
  "dependencies": {
    "net8.0": {
      "AWSSDK.Extensions.NETCore.Setup": {
        "type": "Direct",
        "requested": "[3.7.301, )",
        "resolved": "3.7.301",
        "contentHash": "hXejqa+G72kVCSmpKlNVWDEqa8KVWOFL/asgoE2mairQOnmTCv6vMxaXjJ0nQaad5/21zTdKDIfDiki5YTne1Q==",
        "dependencies": {
          "AWSSDK.Core": "3.7.300",
          "Microsoft.Extensions.Configuration.Abstractions": "2.0.0",
          "Microsoft.Extensions.DependencyInjection.Abstractions": "2.0.0",
          "Microsoft.Extensions.Logging.Abstractions": "2.0.0"
        }
      },
      "AWSSDK.S3": {
        "type": "Direct",
        "requested": "[3.7.410.12, )",
        "resolved": "3.7.410.12",
        "contentHash": "ZTMqFLboGilRNnKdSM7+0Jz4GGjE6dlZcQhOHXedMrudXHrFL/8Rlf0cOvsZaHKc5ljVxzauW6gm2Yezqfk8cw==",
        "dependencies": {
          "AWSSDK.Core": "[3.7.400.70, 4.0.0)"
        }
      },
      "Grpc.AspNetCore": {
        "type": "Direct",
        "requested": "[2.67.0, )",
        "resolved": "2.67.0",
        "contentHash": "WjC3+Ri748j6IHYY73zwRPzJV0WFN97h9IkXrgcghk0WAgewDr03uUJzaSMC+qW1O7PcQNdUg3Pfb+73v0pxIQ==",
        "dependencies": {
          "Google.Protobuf": "3.27.0",
          "Grpc.AspNetCore.Server.ClientFactory": "2.67.0",
          "Grpc.Tools": "2.67.0"
        }
      },
      "MinimalApis.Extensions": {
        "type": "Direct",
        "requested": "[0.11.0, )",
        "resolved": "0.11.0",
        "contentHash": "H+T96ZIoK9nUwQvycG4py39jvp+4LjUV9YiFVdKOnrUdEwktWkKDpF6ccHIn1o9tXeCH+vmZYnlobZ/X8eG6ug==",
        "dependencies": {
          "Microsoft.OpenApi": "1.4.3",
          "MiniValidation": "0.8.0"
        }
      },
      "AWSSDK.Core": {
        "type": "Transitive",
        "resolved": "3.7.400.70",
        "contentHash": "S0mcK1Bqa8xVh9UU+Rg9VEdjHfD2B75WRtBmh4ANTelUcTThG7T/ujNjxLXhzZQKW2j1V+KHUEViW4+OLB4Vkg=="
      },
      "Google.Protobuf": {
        "type": "Transitive",
        "resolved": "3.27.0",
        "contentHash": "tEaKpc+SP7I3gYW9AHozESyKkrCg8Xe7huI3Q3iUt5t8Dn29r2k1u8jyrGrD16maj/0UsQBM0MDViWEj0iynOA=="
      },
      "Grpc.AspNetCore.Server": {
        "type": "Transitive",
        "resolved": "2.67.0",
        "contentHash": "CDWB7GLhi4XN2Luw7gDbZQhGaMuMb9yDDwbBc9MMfmXFJvzALEK1hsbBaILzd8uDmX9E5VPMcqQ4mQyHvQ2HmA==",
        "dependencies": {
          "Grpc.Net.Common": "2.67.0"
        }
      },
      "Grpc.AspNetCore.Server.ClientFactory": {
        "type": "Transitive",
        "resolved": "2.67.0",
        "contentHash": "O5qaBd7T8yph5JHikA3lafYqsn+2QPM7Dwk0e/7HniiM4cIHpfdiBX5TSy/+5IIppZ27QeLYFgftK7QsG9uIkQ==",
        "dependencies": {
          "Grpc.AspNetCore.Server": "2.67.0",
          "Grpc.Net.ClientFactory": "2.67.0"
        }
      },
      "Grpc.Core.Api": {
        "type": "Transitive",
        "resolved": "2.67.0",
        "contentHash": "cL1/2f8kc8lsAGNdfCU25deedXVehhLA6GXKLLN4hAWx16XN7BmjYn3gFU+FBpir5yJynvDTHEypr3Tl0j7x/Q=="
      },
      "Grpc.Net.Client": {
        "type": "Transitive",
        "resolved": "2.67.0",
        "contentHash": "ofTjJQfegWkVlk5R4k/LlwpcucpsBzntygd4iAeuKd/eLMkmBWoXN+xcjYJ5IibAahRpIJU461jABZvT6E9dwA==",
        "dependencies": {
          "Grpc.Net.Common": "2.67.0",
          "Microsoft.Extensions.Logging.Abstractions": "6.0.0"
        }
      },
      "Grpc.Net.ClientFactory": {
        "type": "Transitive",
        "resolved": "2.67.0",
        "contentHash": "owkRL6j8ZXvLnn8SsFGCRiWoe/2wGv+u+TASAylzUtGbHLnw7IiFRoeTs0IgpCNTETvlMLVb0gHDiLGo+mJZ6g==",
        "dependencies": {
          "Grpc.Net.Client": "2.67.0",
          "Microsoft.Extensions.Http": "6.0.0"
        }
      },
      "Grpc.Net.Common": {
        "type": "Transitive",
        "resolved": "2.67.0",
        "contentHash": "gazn1cD2Eol0/W5ZJRV4PYbNrxJ9oMs8pGYux5S9E4MymClvl7aqYSmpqgmWAUWvziRqK9K+yt3cjCMfQ3x/5A==",
        "dependencies": {
          "Grpc.Core.Api": "2.67.0"
        }
      },
      "Grpc.Tools": {
        "type": "Transitive",
        "resolved": "2.67.0",
        "contentHash": "AQwGGe1dhCWlO72dTW4XtZBsvE9+mHt5rUpVOPjX9Q6sYZZ0GFyqs+7DjFeulaHKjsOg7Wteob1oq7a++SJWgA=="
      },
      "Microsoft.Extensions.Configuration.Abstractions": {
        "type": "Transitive",
        "resolved": "2.0.0",
        "contentHash": "rHFrXqMIvQNq51H8RYTO4IWmDOYh8NUzyqGlh0xHWTP6XYnKk7Ryinys2uDs+Vu88b3AMlM3gBBSs78m6OQpYQ==",
        "dependencies": {
          "Microsoft.Extensions.Primitives": "2.0.0"
        }
      },
      "Microsoft.Extensions.DependencyInjection": {
        "type": "Transitive",
        "resolved": "6.0.0",
        "contentHash": "k6PWQMuoBDGGHOQTtyois2u4AwyVcIwL2LaSLlTZQm2CYcJ1pxbt6jfAnpWmzENA/wfrYRI/X9DTLoUkE4AsLw==",
        "dependencies": {
          "Microsoft.Extensions.DependencyInjection.Abstractions": "6.0.0",
          "System.Runtime.CompilerServices.Unsafe": "6.0.0"
        }
      },
      "Microsoft.Extensions.DependencyInjection.Abstractions": {
        "type": "Transitive",
        "resolved": "6.0.0",
        "contentHash": "xlzi2IYREJH3/m6+lUrQlujzX8wDitm4QGnUu6kUXTQAWPuZY8i+ticFJbzfqaetLA6KR/rO6Ew/HuYD+bxifg=="
      },
      "Microsoft.Extensions.Http": {
        "type": "Transitive",
        "resolved": "6.0.0",
        "contentHash": "15+pa2G0bAMHbHewaQIdr/y6ag2H3yh4rd9hTXavtWDzQBkvpe2RMqFg8BxDpcQWssmjmBApGPcw93QRz6YcMg==",
        "dependencies": {
          "Microsoft.Extensions.DependencyInjection.Abstractions": "6.0.0",
          "Microsoft.Extensions.Logging": "6.0.0",
          "Microsoft.Extensions.Logging.Abstractions": "6.0.0",
          "Microsoft.Extensions.Options": "6.0.0"
        }
      },
      "Microsoft.Extensions.Logging": {
        "type": "Transitive",
        "resolved": "6.0.0",
        "contentHash": "eIbyj40QDg1NDz0HBW0S5f3wrLVnKWnDJ/JtZ+yJDFnDj90VoPuoPmFkeaXrtu+0cKm5GRAwoDf+dBWXK0TUdg==",
        "dependencies": {
          "Microsoft.Extensions.DependencyInjection": "6.0.0",
          "Microsoft.Extensions.DependencyInjection.Abstractions": "6.0.0",
          "Microsoft.Extensions.Logging.Abstractions": "6.0.0",
          "Microsoft.Extensions.Options": "6.0.0",
          "System.Diagnostics.DiagnosticSource": "6.0.0"
        }
      },
      "Microsoft.Extensions.Logging.Abstractions": {
        "type": "Transitive",
        "resolved": "6.0.0",
        "contentHash": "/HggWBbTwy8TgebGSX5DBZ24ndhzi93sHUBDvP1IxbZD7FDokYzdAr6+vbWGjw2XAfR2EJ1sfKUotpjHnFWPxA=="
      },
      "Microsoft.Extensions.Options": {
        "type": "Transitive",
        "resolved": "6.0.0",
        "contentHash": "dzXN0+V1AyjOe2xcJ86Qbo233KHuLEY0njf/P2Kw8SfJU+d45HNS2ctJdnEnrWbM9Ye2eFgaC5Mj9otRMU6IsQ==",
        "dependencies": {
          "Microsoft.Extensions.DependencyInjection.Abstractions": "6.0.0",
          "Microsoft.Extensions.Primitives": "6.0.0"
        }
      },
      "Microsoft.Extensions.Primitives": {
        "type": "Transitive",
        "resolved": "6.0.0",
        "contentHash": "9+PnzmQFfEFNR9J2aDTfJGGupShHjOuGw4VUv+JB044biSHrnmCIMD+mJHmb2H7YryrfBEXDurxQ47gJZdCKNQ==",
        "dependencies": {
          "System.Runtime.CompilerServices.Unsafe": "6.0.0"
        }
      },
      "Microsoft.OpenApi": {
        "type": "Transitive",
        "resolved": "1.4.3",
        "contentHash": "rURwggB+QZYcSVbDr7HSdhw/FELvMlriW10OeOzjPT7pstefMo7IThhtNtDudxbXhW+lj0NfX72Ka5EDsG8x6w=="
      },
      "MiniValidation": {
        "type": "Transitive",
        "resolved": "0.8.0",
        "contentHash": "OcYFgtI6yDoVaEtVAQQHvGHbI4TBJ9dRrPJEqtcHtJjoGtpS0pM0uTuNLJaO3txvq6TcYqus4LFMQv5/LZegtg=="
      },
      "System.Diagnostics.DiagnosticSource": {
        "type": "Transitive",
        "resolved": "6.0.0",
        "contentHash": "frQDfv0rl209cKm1lnwTgFPzNigy2EKk1BS3uAvHvlBVKe5cymGyHO+Sj+NLv5VF/AhHsqPIUUwya5oV4CHMUw==",
        "dependencies": {
          "System.Runtime.CompilerServices.Unsafe": "6.0.0"
        }
      },
      "System.Runtime.CompilerServices.Unsafe": {
        "type": "Transitive",
        "resolved": "6.0.0",
        "contentHash": "/iUeP3tq1S0XdNNoMz5C9twLSrM/TH+qElHkXWaPvuNOt+99G75NrV0OS2EqHx5wMN7popYjpc8oTjC1y16DLg=="
      }
    }
  }
}